// !$*UTF8*$!
{
	archiveVersion = 1;
	classes = {
	};
	objectVersion = 46;
	objects = {

/* Begin PBXBuildFile section */
		5AB79CEC1A77368200852DF8 /* main.m in Sources */ = {isa = PBXBuildFile; fileRef = 5AB79CEB1A77368200852DF8 /* main.m */; };
		5AB79CEF1A77368200852DF8 /* AppDelegate.m in Sources */ = {isa = PBXBuildFile; fileRef = 5AB79CEE1A77368200852DF8 /* AppDelegate.m */; };
		5AB79CF21A77368200852DF8 /* ViewController.m in Sources */ = {isa = PBXBuildFile; fileRef = 5AB79CF11A77368200852DF8 /* ViewController.m */; };
		5AB79CF51A77368200852DF8 /* Main.storyboard in Resources */ = {isa = PBXBuildFile; fileRef = 5AB79CF31A77368200852DF8 /* Main.storyboard */; };
		5AB79CF71A77368200852DF8 /* Images.xcassets in Resources */ = {isa = PBXBuildFile; fileRef = 5AB79CF61A77368200852DF8 /* Images.xcassets */; };
		5AB79CFA1A77368200852DF8 /* LaunchScreen.xib in Resources */ = {isa = PBXBuildFile; fileRef = 5AB79CF81A77368200852DF8 /* LaunchScreen.xib */; };
		5AB79D061A77368200852DF8 /* rottenTomatoesTests.m in Sources */ = {isa = PBXBuildFile; fileRef = 5AB79D051A77368200852DF8 /* rottenTomatoesTests.m */; };
/* End PBXBuildFile section */

/* Begin PBXContainerItemProxy section */
		5AB79D001A77368200852DF8 /* PBXContainerItemProxy */ = {
			isa = PBXContainerItemProxy;
			containerPortal = 5AB79CDE1A77368200852DF8 /* Project object */;
			proxyType = 1;
			remoteGlobalIDString = 5AB79CE51A77368200852DF8;
			remoteInfo = rottenTomatoes;
		};
/* End PBXContainerItemProxy section */

/* Begin PBXFileReference section */
		5AB79CE61A77368200852DF8 /* rottenTomatoes.app */ = {isa = PBXFileReference; explicitFileType = wrapper.application; includeInIndex = 0; path = rottenTomatoes.app; sourceTree = BUILT_PRODUCTS_DIR; };
		5AB79CEA1A77368200852DF8 /* Info.plist */ = {isa = PBXFileReference; lastKnownFileType = text.plist.xml; path = Info.plist; sourceTree = "<group>"; };
		5AB79CEB1A77368200852DF8 /* main.m */ = {isa = PBXFileReference; lastKnownFileType = sourcecode.c.objc; path = main.m; sourceTree = "<group>"; };
		5AB79CED1A77368200852DF8 /* AppDelegate.h */ = {isa = PBXFileReference; lastKnownFileType = sourcecode.c.h; path = AppDelegate.h; sourceTree = "<group>"; };
		5AB79CEE1A77368200852DF8 /* AppDelegate.m */ = {isa = PBXFileReference; lastKnownFileType = sourcecode.c.objc; path = AppDelegate.m; sourceTree = "<group>"; };
		5AB79CF01A77368200852DF8 /* ViewController.h */ = {isa = PBXFileReference; lastKnownFileType = sourcecode.c.h; path = ViewController.h; sourceTree = "<group>"; };
		5AB79CF11A77368200852DF8 /* ViewController.m */ = {isa = PBXFileReference; lastKnownFileType = sourcecode.c.objc; path = ViewController.m; sourceTree = "<group>"; };
		5AB79CF41A77368200852DF8 /* Base */ = {isa = PBXFileReference; lastKnownFileType = file.storyboard; name = Base; path = Base.lproj/Main.storyboard; sourceTree = "<group>"; };
		5AB79CF61A77368200852DF8 /* Images.xcassets */ = {isa = PBXFileReference; lastKnownFileType = folder.assetcatalog; path = Images.xcassets; sourceTree = "<group>"; };
		5AB79CF91A77368200852DF8 /* Base */ = {isa = PBXFileReference; lastKnownFileType = file.xib; name = Base; path = Base.lproj/LaunchScreen.xib; sourceTree = "<group>"; };
		5AB79CFF1A77368200852DF8 /* rottenTomatoesTests.xctest */ = {isa = PBXFileReference; explicitFileType = wrapper.cfbundle; includeInIndex = 0; path = rottenTomatoesTests.xctest; sourceTree = BUILT_PRODUCTS_DIR; };
		5AB79D041A77368200852DF8 /* Info.plist */ = {isa = PBXFileReference; lastKnownFileType = text.plist.xml; path = Info.plist; sourceTree = "<group>"; };
		5AB79D051A77368200852DF8 /* rottenTomatoesTests.m */ = {isa = PBXFileReference; lastKnownFileType = sourcecode.c.objc; path = rottenTomatoesTests.m; sourceTree = "<group>"; };
/* End PBXFileReference section */

/* Begin PBXFrameworksBuildPhase section */
		5AB79CE31A77368200852DF8 /* Frameworks */ = {
			isa = PBXFrameworksBuildPhase;
			buildActionMask = 2147483647;
			files = (
			);
			runOnlyForDeploymentPostprocessing = 0;
		};
		5AB79CFC1A77368200852DF8 /* Frameworks */ = {
			isa = PBXFrameworksBuildPhase;
			buildActionMask = 2147483647;
			files = (
			);
			runOnlyForDeploymentPostprocessing = 0;
		};
/* End PBXFrameworksBuildPhase section */

/* Begin PBXGroup section */
		5AB79CDD1A77368200852DF8 = {
			isa = PBXGroup;
			children = (
				5AB79CE81A77368200852DF8 /* rottenTomatoes */,
				5AB79D021A77368200852DF8 /* rottenTomatoesTests */,
				5AB79CE71A77368200852DF8 /* Products */,
			);
			sourceTree = "<group>";
		};
		5AB79CE71A77368200852DF8 /* Products */ = {
			isa = PBXGroup;
			children = (
				5AB79CE61A77368200852DF8 /* rottenTomatoes.app */,
				5AB79CFF1A77368200852DF8 /* rottenTomatoesTests.xctest */,
			);
			name = Products;
			sourceTree = "<group>";
		};
		5AB79CE81A77368200852DF8 /* rottenTomatoes */ = {
			isa = PBXGroup;
			children = (
				5AB79CED1A77368200852DF8 /* AppDelegate.h */,
				5AB79CEE1A77368200852DF8 /* AppDelegate.m */,
				5AB79CF01A77368200852DF8 /* ViewController.h */,
				5AB79CF11A77368200852DF8 /* ViewController.m */,
				5AB79CF31A77368200852DF8 /* Main.storyboard */,
				5AB79CF61A77368200852DF8 /* Images.xcassets */,
				5AB79CF81A77368200852DF8 /* LaunchScreen.xib */,
				5AB79CE91A77368200852DF8 /* Supporting Files */,
			);
			path = rottenTomatoes;
			sourceTree = "<group>";
		};
		5AB79CE91A77368200852DF8 /* Supporting Files */ = {
			isa = PBXGroup;
			children = (
				5AB79CEA1A77368200852DF8 /* Info.plist */,
				5AB79CEB1A77368200852DF8 /* main.m */,
			);
			name = "Supporting Files";
			sourceTree = "<group>";
		};
		5AB79D021A77368200852DF8 /* rottenTomatoesTests */ = {
			isa = PBXGroup;
			children = (
				5AB79D051A77368200852DF8 /* rottenTomatoesTests.m */,
				5AB79D031A77368200852DF8 /* Supporting Files */,
			);
			path = rottenTomatoesTests;
			sourceTree = "<group>";
		};
		5AB79D031A77368200852DF8 /* Supporting Files */ = {
			isa = PBXGroup;
			children = (
				5AB79D041A77368200852DF8 /* Info.plist */,
			);
			name = "Supporting Files";
			sourceTree = "<group>";
		};
/* End PBXGroup section */

/* Begin PBXNativeTarget section */
		5AB79CE51A77368200852DF8 /* rottenTomatoes */ = {
			isa = PBXNativeTarget;
			buildConfigurationList = 5AB79D091A77368200852DF8 /* Build configuration list for PBXNativeTarget "rottenTomatoes" */;
			buildPhases = (
				5AB79CE21A77368200852DF8 /* Sources */,
				5AB79CE31A77368200852DF8 /* Frameworks */,
				5AB79CE41A77368200852DF8 /* Resources */,
			);
			buildRules = (
			);
			dependencies = (
			);
			name = rottenTomatoes;
			productName = rottenTomatoes;
			productReference = 5AB79CE61A77368200852DF8 /* rottenTomatoes.app */;
			productType = "com.apple.product-type.application";
		};
		5AB79CFE1A77368200852DF8 /* rottenTomatoesTests */ = {
			isa = PBXNativeTarget;
			buildConfigurationList = 5AB79D0C1A77368200852DF8 /* Build configuration list for PBXNativeTarget "rottenTomatoesTests" */;
			buildPhases = (
				5AB79CFB1A77368200852DF8 /* Sources */,
				5AB79CFC1A77368200852DF8 /* Frameworks */,
				5AB79CFD1A77368200852DF8 /* Resources */,
			);
			buildRules = (
			);
			dependencies = (
				5AB79D011A77368200852DF8 /* PBXTargetDependency */,
			);
			name = rottenTomatoesTests;
			productName = rottenTomatoesTests;
			productReference = 5AB79CFF1A77368200852DF8 /* rottenTomatoesTests.xctest */;
			productType = "com.apple.product-type.bundle.unit-test";
		};
/* End PBXNativeTarget section */

/* Begin PBXProject section */
		5AB79CDE1A77368200852DF8 /* Project object */ = {
			isa = PBXProject;
			attributes = {
				LastUpgradeCheck = 0610;
				ORGANIZATIONNAME = "Sameer Shah";
				TargetAttributes = {
					5AB79CE51A77368200852DF8 = {
						CreatedOnToolsVersion = 6.1.1;
					};
					5AB79CFE1A77368200852DF8 = {
						CreatedOnToolsVersion = 6.1.1;
						TestTargetID = 5AB79CE51A77368200852DF8;
					};
				};
			};
			buildConfigurationList = 5AB79CE11A77368200852DF8 /* Build configuration list for PBXProject "rottenTomatoes" */;
			compatibilityVersion = "Xcode 3.2";
			developmentRegion = English;
			hasScannedForEncodings = 0;
			knownRegions = (
				en,
				Base,
			);
			mainGroup = 5AB79CDD1A77368200852DF8;
			productRefGroup = 5AB79CE71A77368200852DF8 /* Products */;
			projectDirPath = "";
			projectRoot = "";
			targets = (
				5AB79CE51A77368200852DF8 /* rottenTomatoes */,
				5AB79CFE1A77368200852DF8 /* rottenTomatoesTests */,
			);
		};
/* End PBXProject section */

/* Begin PBXResourcesBuildPhase section */
		5AB79CE41A77368200852DF8 /* Resources */ = {
			isa = PBXResourcesBuildPhase;
			buildActionMask = 2147483647;
			files = (
				5AB79CF51A77368200852DF8 /* Main.storyboard in Resources */,
				5AB79CFA1A77368200852DF8 /* LaunchScreen.xib in Resources */,
				5AB79CF71A77368200852DF8 /* Images.xcassets in Resources */,
			);
			runOnlyForDeploymentPostprocessing = 0;
		};
		5AB79CFD1A77368200852DF8 /* Resources */ = {
			isa = PBXResourcesBuildPhase;
			buildActionMask = 2147483647;
			files = (
			);
			runOnlyForDeploymentPostprocessing = 0;
		};
/* End PBXResourcesBuildPhase section */

/* Begin PBXSourcesBuildPhase section */
		5AB79CE21A77368200852DF8 /* Sources */ = {
			isa = PBXSourcesBuildPhase;
			buildActionMask = 2147483647;
			files = (
				5AB79CF21A77368200852DF8 /* ViewController.m in Sources */,
				5AB79CEF1A77368200852DF8 /* AppDelegate.m in Sources */,
				5AB79CEC1A77368200852DF8 /* main.m in Sources */,
			);
			runOnlyForDeploymentPostprocessing = 0;
		};
		5AB79CFB1A77368200852DF8 /* Sources */ = {
			isa = PBXSourcesBuildPhase;
			buildActionMask = 2147483647;
			files = (
				5AB79D061A77368200852DF8 /* rottenTomatoesTests.m in Sources */,
			);
			runOnlyForDeploymentPostprocessing = 0;
		};
/* End PBXSourcesBuildPhase section */

/* Begin PBXTargetDependency section */
		5AB79D011A77368200852DF8 /* PBXTargetDependency */ = {
			isa = PBXTargetDependency;
			target = 5AB79CE51A77368200852DF8 /* rottenTomatoes */;
			targetProxy = 5AB79D001A77368200852DF8 /* PBXContainerItemProxy */;
		};
/* End PBXTargetDependency section */

/* Begin PBXVariantGroup section */
		5AB79CF31A77368200852DF8 /* Main.storyboard */ = {
			isa = PBXVariantGroup;
			children = (
				5AB79CF41A77368200852DF8 /* Base */,
			);
			name = Main.storyboard;
			sourceTree = "<group>";
		};
		5AB79CF81A77368200852DF8 /* LaunchScreen.xib */ = {
			isa = PBXVariantGroup;
			children = (
				5AB79CF91A77368200852DF8 /* Base */,
			);
			name = LaunchScreen.xib;
			sourceTree = "<group>";
		};
/* End PBXVariantGroup section */

/* Begin XCBuildConfiguration section */
		5AB79D071A77368200852DF8 /* Debug */ = {
			isa = XCBuildConfiguration;
			buildSettings = {
				ALWAYS_SEARCH_USER_PATHS = NO;
				CLANG_CXX_LANGUAGE_STANDARD = "gnu++0x";
				CLANG_CXX_LIBRARY = "libc++";
				CLANG_ENABLE_MODULES = YES;
				CLANG_ENABLE_OBJC_ARC = YES;
				CLANG_WARN_BOOL_CONVERSION = YES;
				CLANG_WARN_CONSTANT_CONVERSION = YES;
				CLANG_WARN_DIRECT_OBJC_ISA_USAGE = YES_ERROR;
				CLANG_WARN_EMPTY_BODY = YES;
				CLANG_WARN_ENUM_CONVERSION = YES;
				CLANG_WARN_INT_CONVERSION = YES;
				CLANG_WARN_OBJC_ROOT_CLASS = YES_ERROR;
				CLANG_WARN_UNREACHABLE_CODE = YES;
				CLANG_WARN__DUPLICATE_METHOD_MATCH = YES;
				"CODE_SIGN_IDENTITY[sdk=iphoneos*]" = "iPhone Developer";
				COPY_PHASE_STRIP = NO;
				ENABLE_STRICT_OBJC_MSGSEND = YES;
				GCC_C_LANGUAGE_STANDARD = gnu99;
				GCC_DYNAMIC_NO_PIC = NO;
				GCC_OPTIMIZATION_LEVEL = 0;
				GCC_PREPROCESSOR_DEFINITIONS = (
					"DEBUG=1",
					"$(inherited)",
				);
				GCC_SYMBOLS_PRIVATE_EXTERN = NO;
				GCC_WARN_64_TO_32_BIT_CONVERSION = YES;
				GCC_WARN_ABOUT_RETURN_TYPE = YES_ERROR;
				GCC_WARN_UNDECLARED_SELECTOR = YES;
				GCC_WARN_UNINITIALIZED_AUTOS = YES_AGGRESSIVE;
				GCC_WARN_UNUSED_FUNCTION = YES;
				GCC_WARN_UNUSED_VARIABLE = YES;
				IPHONEOS_DEPLOYMENT_TARGET = 8.1;
				MTL_ENABLE_DEBUG_INFO = YES;
				ONLY_ACTIVE_ARCH = YES;
				SDKROOT = iphoneos;
			};
			name = Debug;
		};
		5AB79D081A77368200852DF8 /* Release */ = {
			isa = XCBuildConfiguration;
			buildSettings = {
				ALWAYS_SEARCH_USER_PATHS = NO;
				CLANG_CXX_LANGUAGE_STANDARD = "gnu++0x";
				CLANG_CXX_LIBRARY = "libc++";
				CLANG_ENABLE_MODULES = YES;
				CLANG_ENABLE_OBJC_ARC = YES;
				CLANG_WARN_BOOL_CONVERSION = YES;
				CLANG_WARN_CONSTANT_CONVERSION = YES;
				CLANG_WARN_DIRECT_OBJC_ISA_USAGE = YES_ERROR;
				CLANG_WARN_EMPTY_BODY = YES;
				CLANG_WARN_ENUM_CONVERSION = YES;
				CLANG_WARN_INT_CONVERSION = YES;
				CLANG_WARN_OBJC_ROOT_CLASS = YES_ERROR;
				CLANG_WARN_UNREACHABLE_CODE = YES;
				CLANG_WARN__DUPLICATE_METHOD_MATCH = YES;
				"CODE_SIGN_IDENTITY[sdk=iphoneos*]" = "iPhone Developer";
				COPY_PHASE_STRIP = YES;
				ENABLE_NS_ASSERTIONS = NO;
				ENABLE_STRICT_OBJC_MSGSEND = YES;
				GCC_C_LANGUAGE_STANDARD = gnu99;
				GCC_WARN_64_TO_32_BIT_CONVERSION = YES;
				GCC_WARN_ABOUT_RETURN_TYPE = YES_ERROR;
				GCC_WARN_UNDECLARED_SELECTOR = YES;
				GCC_WARN_UNINITIALIZED_AUTOS = YES_AGGRESSIVE;
				GCC_WARN_UNUSED_FUNCTION = YES;
				GCC_WARN_UNUSED_VARIABLE = YES;
				IPHONEOS_DEPLOYMENT_TARGET = 8.1;
				MTL_ENABLE_DEBUG_INFO = NO;
				SDKROOT = iphoneos;
				VALIDATE_PRODUCT = YES;
			};
			name = Release;
		};
		5AB79D0A1A77368200852DF8 /* Debug */ = {
			isa = XCBuildConfiguration;
			buildSettings = {
				ASSETCATALOG_COMPILER_APPICON_NAME = AppIcon;
				INFOPLIST_FILE = rottenTomatoes/Info.plist;
				LD_RUNPATH_SEARCH_PATHS = "$(inherited) @executable_path/Frameworks";
				PRODUCT_NAME = "$(TARGET_NAME)";
			};
			name = Debug;
		};
		5AB79D0B1A77368200852DF8 /* Release */ = {
			isa = XCBuildConfiguration;
			buildSettings = {
				ASSETCATALOG_COMPILER_APPICON_NAME = AppIcon;
				INFOPLIST_FILE = rottenTomatoes/Info.plist;
				LD_RUNPATH_SEARCH_PATHS = "$(inherited) @executable_path/Frameworks";
				PRODUCT_NAME = "$(TARGET_NAME)";
			};
			name = Release;
		};
		5AB79D0D1A77368200852DF8 /* Debug */ = {
			isa = XCBuildConfiguration;
			buildSettings = {
				BUNDLE_LOADER = "$(TEST_HOST)";
				FRAMEWORK_SEARCH_PATHS = (
					"$(SDKROOT)/Developer/Library/Frameworks",
					"$(inherited)",
				);
				GCC_PREPROCESSOR_DEFINITIONS = (
					"DEBUG=1",
					"$(inherited)",
				);
				INFOPLIST_FILE = rottenTomatoesTests/Info.plist;
				LD_RUNPATH_SEARCH_PATHS = "$(inherited) @executable_path/Frameworks @loader_path/Frameworks";
				PRODUCT_NAME = "$(TARGET_NAME)";
				TEST_HOST = "$(BUILT_PRODUCTS_DIR)/rottenTomatoes.app/rottenTomatoes";
			};
			name = Debug;
		};
		5AB79D0E1A77368200852DF8 /* Release */ = {
			isa = XCBuildConfiguration;
			buildSettings = {
				BUNDLE_LOADER = "$(TEST_HOST)";
				FRAMEWORK_SEARCH_PATHS = (
					"$(SDKROOT)/Developer/Library/Frameworks",
					"$(inherited)",
				);
				INFOPLIST_FILE = rottenTomatoesTests/Info.plist;
				LD_RUNPATH_SEARCH_PATHS = "$(inherited) @executable_path/Frameworks @loader_path/Frameworks";
				PRODUCT_NAME = "$(TARGET_NAME)";
				TEST_HOST = "$(BUILT_PRODUCTS_DIR)/rottenTomatoes.app/rottenTomatoes";
			};
			name = Release;
		};
/* End XCBuildConfiguration section */

/* Begin XCConfigurationList section */
		5AB79CE11A77368200852DF8 /* Build configuration list for PBXProject "rottenTomatoes" */ = {
			isa = XCConfigurationList;
			buildConfigurations = (
				5AB79D071A77368200852DF8 /* Debug */,
				5AB79D081A77368200852DF8 /* Release */,
			);
			defaultConfigurationIsVisible = 0;
			defaultConfigurationName = Release;
		};
		5AB79D091A77368200852DF8 /* Build configuration list for PBXNativeTarget "rottenTomatoes" */ = {
			isa = XCConfigurationList;
			buildConfigurations = (
				5AB79D0A1A77368200852DF8 /* Debug */,
				5AB79D0B1A77368200852DF8 /* Release */,
			);
			defaultConfigurationIsVisible = 0;
		};
		5AB79D0C1A77368200852DF8 /* Build configuration list for PBXNativeTarget "rottenTomatoesTests" */ = {
			isa = XCConfigurationList;
			buildConfigurations = (
				5AB79D0D1A77368200852DF8 /* Debug */,
				5AB79D0E1A77368200852DF8 /* Release */,
			);
			defaultConfigurationIsVisible = 0;
		};
/* End XCConfigurationList section */
	};
	rootObject = 5AB79CDE1A77368200852DF8 /* Project object */;
}
